// !$*UTF8*$!
{
	archiveVersion = 1;
	classes = {
	};
	objectVersion = 50;
	objects = {

/* Begin PBXBuildFile section */
		16B1F8F420791C0200CB8436 /* AppDelegate.swift in Sources */ = {isa = PBXBuildFile; fileRef = 16B1F8F320791C0200CB8436 /* AppDelegate.swift */; };
		16B1F8F620791C0200CB8436 /* ViewController.swift in Sources */ = {isa = PBXBuildFile; fileRef = 16B1F8F520791C0200CB8436 /* ViewController.swift */; };
		16B1F8F920791C0200CB8436 /* Main.storyboard in Resources */ = {isa = PBXBuildFile; fileRef = 16B1F8F720791C0200CB8436 /* Main.storyboard */; };
		16B1F8FB20791C0200CB8436 /* Assets.xcassets in Resources */ = {isa = PBXBuildFile; fileRef = 16B1F8FA20791C0200CB8436 /* Assets.xcassets */; };
		16B1F8FE20791C0200CB8436 /* LaunchScreen.storyboard in Resources */ = {isa = PBXBuildFile; fileRef = 16B1F8FC20791C0200CB8436 /* LaunchScreen.storyboard */; };
/* End PBXBuildFile section */

/* Begin PBXFileReference section */
		16B1F8F020791C0100CB8436 /* Sailing Exam Quizzer.app */ = {isa = PBXFileReference; explicitFileType = wrapper.application; includeInIndex = 0; path = "Sailing Exam Quizzer.app"; sourceTree = BUILT_PRODUCTS_DIR; };
		16B1F8F320791C0200CB8436 /* AppDelegate.swift */ = {isa = PBXFileReference; lastKnownFileType = sourcecode.swift; path = AppDelegate.swift; sourceTree = "<group>"; };
		16B1F8F520791C0200CB8436 /* ViewController.swift */ = {isa = PBXFileReference; lastKnownFileType = sourcecode.swift; path = ViewController.swift; sourceTree = "<group>"; };
		16B1F8F820791C0200CB8436 /* Base */ = {isa = PBXFileReference; lastKnownFileType = file.storyboard; name = Base; path = Base.lproj/Main.storyboard; sourceTree = "<group>"; };
		16B1F8FA20791C0200CB8436 /* Assets.xcassets */ = {isa = PBXFileReference; lastKnownFileType = folder.assetcatalog; path = Assets.xcassets; sourceTree = "<group>"; };
		16B1F8FD20791C0200CB8436 /* Base */ = {isa = PBXFileReference; lastKnownFileType = file.storyboard; name = Base; path = Base.lproj/LaunchScreen.storyboard; sourceTree = "<group>"; };
		16B1F8FF20791C0200CB8436 /* Info.plist */ = {isa = PBXFileReference; lastKnownFileType = text.plist.xml; path = Info.plist; sourceTree = "<group>"; };
/* End PBXFileReference section */

/* Begin PBXFrameworksBuildPhase section */
		16B1F8ED20791C0100CB8436 /* Frameworks */ = {
			isa = PBXFrameworksBuildPhase;
			buildActionMask = 2147483647;
			files = (
			);
			runOnlyForDeploymentPostprocessing = 0;
		};
/* End PBXFrameworksBuildPhase section */

/* Begin PBXGroup section */
		16B1F8E720791C0100CB8436 = {
			isa = PBXGroup;
			children = (
				16B1F8F220791C0200CB8436 /* Sailing Exam Quizzer */,
				16B1F8F120791C0100CB8436 /* Products */,
			);
			sourceTree = "<group>";
		};
		16B1F8F120791C0100CB8436 /* Products */ = {
			isa = PBXGroup;
			children = (
				16B1F8F020791C0100CB8436 /* Sailing Exam Quizzer.app */,
			);
			name = Products;
			sourceTree = "<group>";
		};
		16B1F8F220791C0200CB8436 /* Sailing Exam Quizzer */ = {
			isa = PBXGroup;
			children = (
				16B1F90620791DCF00CB8436 /* Controller */,
				16B1F90720791DEB00CB8436 /* Model */,
				16B1F90520791D9F00CB8436 /* View */,
				16B1F90820791E0500CB8436 /* Support Files */,
			);
			path = "Sailing Exam Quizzer";
			sourceTree = "<group>";
		};
		16B1F90520791D9F00CB8436 /* View */ = {
			isa = PBXGroup;
			children = (
				16B1F8F720791C0200CB8436 /* Main.storyboard */,
				16B1F8FA20791C0200CB8436 /* Assets.xcassets */,
			);
			path = View;
			sourceTree = "<group>";
		};
		16B1F90620791DCF00CB8436 /* Controller */ = {
			isa = PBXGroup;
			children = (
				16B1F8F320791C0200CB8436 /* AppDelegate.swift */,
				16B1F8F520791C0200CB8436 /* ViewController.swift */,
			);
			path = Controller;
			sourceTree = "<group>";
		};
		16B1F90720791DEB00CB8436 /* Model */ = {
			isa = PBXGroup;
			children = (
			);
			path = Model;
			sourceTree = "<group>";
		};
		16B1F90820791E0500CB8436 /* Support Files */ = {
			isa = PBXGroup;
			children = (
				16B1F8FC20791C0200CB8436 /* LaunchScreen.storyboard */,
				16B1F8FF20791C0200CB8436 /* Info.plist */,
			);
			path = "Support Files";
			sourceTree = "<group>";
		};
/* End PBXGroup section */

/* Begin PBXNativeTarget section */
		16B1F8EF20791C0100CB8436 /* Sailing Exam Quizzer */ = {
			isa = PBXNativeTarget;
			buildConfigurationList = 16B1F90220791C0200CB8436 /* Build configuration list for PBXNativeTarget "Sailing Exam Quizzer" */;
			buildPhases = (
				16B1F8EC20791C0100CB8436 /* Sources */,
				16B1F8ED20791C0100CB8436 /* Frameworks */,
				16B1F8EE20791C0100CB8436 /* Resources */,
			);
			buildRules = (
			);
			dependencies = (
			);
			name = "Sailing Exam Quizzer";
			productName = "Sailing Exam Quizzer";
			productReference = 16B1F8F020791C0100CB8436 /* Sailing Exam Quizzer.app */;
			productType = "com.apple.product-type.application";
		};
/* End PBXNativeTarget section */

/* Begin PBXProject section */
		16B1F8E820791C0100CB8436 /* Project object */ = {
			isa = PBXProject;
			attributes = {
				LastSwiftUpdateCheck = 0930;
				LastUpgradeCheck = 0930;
				ORGANIZATIONNAME = RedRoseCo;
				TargetAttributes = {
					16B1F8EF20791C0100CB8436 = {
						CreatedOnToolsVersion = 9.3;
					};
				};
			};
			buildConfigurationList = 16B1F8EB20791C0100CB8436 /* Build configuration list for PBXProject "Sailing Exam Quizzer" */;
			compatibilityVersion = "Xcode 9.3";
			developmentRegion = en;
			hasScannedForEncodings = 0;
			knownRegions = (
				en,
				Base,
			);
			mainGroup = 16B1F8E720791C0100CB8436;
			productRefGroup = 16B1F8F120791C0100CB8436 /* Products */;
			projectDirPath = "";
			projectRoot = "";
			targets = (
				16B1F8EF20791C0100CB8436 /* Sailing Exam Quizzer */,
			);
		};
/* End PBXProject section */

/* Begin PBXResourcesBuildPhase section */
		16B1F8EE20791C0100CB8436 /* Resources */ = {
			isa = PBXResourcesBuildPhase;
			buildActionMask = 2147483647;
			files = (
				16B1F8FE20791C0200CB8436 /* LaunchScreen.storyboard in Resources */,
				16B1F8FB20791C0200CB8436 /* Assets.xcassets in Resources */,
				16B1F8F920791C0200CB8436 /* Main.storyboard in Resources */,
			);
			runOnlyForDeploymentPostprocessing = 0;
		};
/* End PBXResourcesBuildPhase section */

/* Begin PBXSourcesBuildPhase section */
		16B1F8EC20791C0100CB8436 /* Sources */ = {
			isa = PBXSourcesBuildPhase;
			buildActionMask = 2147483647;
			files = (
				16B1F8F620791C0200CB8436 /* ViewController.swift in Sources */,
				16B1F8F420791C0200CB8436 /* AppDelegate.swift in Sources */,
			);
			runOnlyForDeploymentPostprocessing = 0;
		};
/* End PBXSourcesBuildPhase section */

/* Begin PBXVariantGroup section */
		16B1F8F720791C0200CB8436 /* Main.storyboard */ = {
			isa = PBXVariantGroup;
			children = (
				16B1F8F820791C0200CB8436 /* Base */,
			);
			name = Main.storyboard;
			sourceTree = "<group>";
		};
		16B1F8FC20791C0200CB8436 /* LaunchScreen.storyboard */ = {
			isa = PBXVariantGroup;
			children = (
				16B1F8FD20791C0200CB8436 /* Base */,
			);
			name = LaunchScreen.storyboard;
			sourceTree = "<group>";
		};
/* End PBXVariantGroup section */

/* Begin XCBuildConfiguration section */
		16B1F90020791C0200CB8436 /* Debug */ = {
			isa = XCBuildConfiguration;
			buildSettings = {
				ALWAYS_SEARCH_USER_PATHS = NO;
				CLANG_ANALYZER_NONNULL = YES;
				CLANG_ANALYZER_NUMBER_OBJECT_CONVERSION = YES_AGGRESSIVE;
				CLANG_CXX_LANGUAGE_STANDARD = "gnu++14";
				CLANG_CXX_LIBRARY = "libc++";
				CLANG_ENABLE_MODULES = YES;
				CLANG_ENABLE_OBJC_ARC = YES;
				CLANG_ENABLE_OBJC_WEAK = YES;
				CLANG_WARN_BLOCK_CAPTURE_AUTORELEASING = YES;
				CLANG_WARN_BOOL_CONVERSION = YES;
				CLANG_WARN_COMMA = YES;
				CLANG_WARN_CONSTANT_CONVERSION = YES;
				CLANG_WARN_DEPRECATED_OBJC_IMPLEMENTATIONS = YES;
				CLANG_WARN_DIRECT_OBJC_ISA_USAGE = YES_ERROR;
				CLANG_WARN_DOCUMENTATION_COMMENTS = YES;
				CLANG_WARN_EMPTY_BODY = YES;
				CLANG_WARN_ENUM_CONVERSION = YES;
				CLANG_WARN_INFINITE_RECURSION = YES;
				CLANG_WARN_INT_CONVERSION = YES;
				CLANG_WARN_NON_LITERAL_NULL_CONVERSION = YES;
				CLANG_WARN_OBJC_IMPLICIT_RETAIN_SELF = YES;
				CLANG_WARN_OBJC_LITERAL_CONVERSION = YES;
				CLANG_WARN_OBJC_ROOT_CLASS = YES_ERROR;
				CLANG_WARN_RANGE_LOOP_ANALYSIS = YES;
				CLANG_WARN_STRICT_PROTOTYPES = YES;
				CLANG_WARN_SUSPICIOUS_MOVE = YES;
				CLANG_WARN_UNGUARDED_AVAILABILITY = YES_AGGRESSIVE;
				CLANG_WARN_UNREACHABLE_CODE = YES;
				CLANG_WARN__DUPLICATE_METHOD_MATCH = YES;
				CODE_SIGN_IDENTITY = "iPhone Developer";
				COPY_PHASE_STRIP = NO;
				DEBUG_INFORMATION_FORMAT = dwarf;
				ENABLE_STRICT_OBJC_MSGSEND = YES;
				ENABLE_TESTABILITY = YES;
				GCC_C_LANGUAGE_STANDARD = gnu11;
				GCC_DYNAMIC_NO_PIC = NO;
				GCC_NO_COMMON_BLOCKS = YES;
				GCC_OPTIMIZATION_LEVEL = 0;
				GCC_PREPROCESSOR_DEFINITIONS = (
					"DEBUG=1",
					"$(inherited)",
				);
				GCC_WARN_64_TO_32_BIT_CONVERSION = YES;
				GCC_WARN_ABOUT_RETURN_TYPE = YES_ERROR;
				GCC_WARN_UNDECLARED_SELECTOR = YES;
				GCC_WARN_UNINITIALIZED_AUTOS = YES_AGGRESSIVE;
				GCC_WARN_UNUSED_FUNCTION = YES;
				GCC_WARN_UNUSED_VARIABLE = YES;
				IPHONEOS_DEPLOYMENT_TARGET = 11.3;
				MTL_ENABLE_DEBUG_INFO = YES;
				ONLY_ACTIVE_ARCH = YES;
				SDKROOT = iphoneos;
				SWIFT_ACTIVE_COMPILATION_CONDITIONS = DEBUG;
				SWIFT_OPTIMIZATION_LEVEL = "-Onone";
			};
			name = Debug;
		};
		16B1F90120791C0200CB8436 /* Release */ = {
			isa = XCBuildConfiguration;
			buildSettings = {
				ALWAYS_SEARCH_USER_PATHS = NO;
				CLANG_ANALYZER_NONNULL = YES;
				CLANG_ANALYZER_NUMBER_OBJECT_CONVERSION = YES_AGGRESSIVE;
				CLANG_CXX_LANGUAGE_STANDARD = "gnu++14";
				CLANG_CXX_LIBRARY = "libc++";
				CLANG_ENABLE_MODULES = YES;
				CLANG_ENABLE_OBJC_ARC = YES;
				CLANG_ENABLE_OBJC_WEAK = YES;
				CLANG_WARN_BLOCK_CAPTURE_AUTORELEASING = YES;
				CLANG_WARN_BOOL_CONVERSION = YES;
				CLANG_WARN_COMMA = YES;
				CLANG_WARN_CONSTANT_CONVERSION = YES;
				CLANG_WARN_DEPRECATED_OBJC_IMPLEMENTATIONS = YES;
				CLANG_WARN_DIRECT_OBJC_ISA_USAGE = YES_ERROR;
				CLANG_WARN_DOCUMENTATION_COMMENTS = YES;
				CLANG_WARN_EMPTY_BODY = YES;
				CLANG_WARN_ENUM_CONVERSION = YES;
				CLANG_WARN_INFINITE_RECURSION = YES;
				CLANG_WARN_INT_CONVERSION = YES;
				CLANG_WARN_NON_LITERAL_NULL_CONVERSION = YES;
				CLANG_WARN_OBJC_IMPLICIT_RETAIN_SELF = YES;
				CLANG_WARN_OBJC_LITERAL_CONVERSION = YES;
				CLANG_WARN_OBJC_ROOT_CLASS = YES_ERROR;
				CLANG_WARN_RANGE_LOOP_ANALYSIS = YES;
				CLANG_WARN_STRICT_PROTOTYPES = YES;
				CLANG_WARN_SUSPICIOUS_MOVE = YES;
				CLANG_WARN_UNGUARDED_AVAILABILITY = YES_AGGRESSIVE;
				CLANG_WARN_UNREACHABLE_CODE = YES;
				CLANG_WARN__DUPLICATE_METHOD_MATCH = YES;
				CODE_SIGN_IDENTITY = "iPhone Developer";
				COPY_PHASE_STRIP = NO;
				DEBUG_INFORMATION_FORMAT = "dwarf-with-dsym";
				ENABLE_NS_ASSERTIONS = NO;
				ENABLE_STRICT_OBJC_MSGSEND = YES;
				GCC_C_LANGUAGE_STANDARD = gnu11;
				GCC_NO_COMMON_BLOCKS = YES;
				GCC_WARN_64_TO_32_BIT_CONVERSION = YES;
				GCC_WARN_ABOUT_RETURN_TYPE = YES_ERROR;
				GCC_WARN_UNDECLARED_SELECTOR = YES;
				GCC_WARN_UNINITIALIZED_AUTOS = YES_AGGRESSIVE;
				GCC_WARN_UNUSED_FUNCTION = YES;
				GCC_WARN_UNUSED_VARIABLE = YES;
				IPHONEOS_DEPLOYMENT_TARGET = 11.3;
				MTL_ENABLE_DEBUG_INFO = NO;
				SDKROOT = iphoneos;
				SWIFT_COMPILATION_MODE = wholemodule;
				SWIFT_OPTIMIZATION_LEVEL = "-O";
				VALIDATE_PRODUCT = YES;
			};
			name = Release;
		};
		16B1F90320791C0200CB8436 /* Debug */ = {
			isa = XCBuildConfiguration;
			buildSettings = {
				ASSETCATALOG_COMPILER_APPICON_NAME = AppIcon;
				CODE_SIGN_STYLE = Automatic;
				DEVELOPMENT_TEAM = FY8DRYB43N;
				INFOPLIST_FILE = "Sailing Exam Quizzer/Info.plist";
				IPHONEOS_DEPLOYMENT_TARGET = 8.4;
				LD_RUNPATH_SEARCH_PATHS = (
					"$(inherited)",
					"@executable_path/Frameworks",
				);
				PRODUCT_BUNDLE_IDENTIFIER = "com.RedRose.Sailing-Exam-Quizzer";
				PRODUCT_NAME = "$(TARGET_NAME)";
				SWIFT_VERSION = 4.0;
				TARGETED_DEVICE_FAMILY = "1,2";
			};
			name = Debug;
		};
		16B1F90420791C0200CB8436 /* Release */ = {
			isa = XCBuildConfiguration;
			buildSettings = {
				ASSETCATALOG_COMPILER_APPICON_NAME = AppIcon;
				CODE_SIGN_STYLE = Automatic;
				DEVELOPMENT_TEAM = FY8DRYB43N;
				INFOPLIST_FILE = "Sailing Exam Quizzer/Info.plist";
				IPHONEOS_DEPLOYMENT_TARGET = 8.4;
				LD_RUNPATH_SEARCH_PATHS = (
					"$(inherited)",
					"@executable_path/Frameworks",
				);
				PRODUCT_BUNDLE_IDENTIFIER = "com.RedRose.Sailing-Exam-Quizzer";
				PRODUCT_NAME = "$(TARGET_NAME)";
				SWIFT_VERSION = 4.0;
				TARGETED_DEVICE_FAMILY = "1,2";
			};
			name = Release;
		};
/* End XCBuildConfiguration section */

/* Begin XCConfigurationList section */
		16B1F8EB20791C0100CB8436 /* Build configuration list for PBXProject "Sailing Exam Quizzer" */ = {
			isa = XCConfigurationList;
			buildConfigurations = (
				16B1F90020791C0200CB8436 /* Debug */,
				16B1F90120791C0200CB8436 /* Release */,
			);
			defaultConfigurationIsVisible = 0;
			defaultConfigurationName = Release;
		};
		16B1F90220791C0200CB8436 /* Build configuration list for PBXNativeTarget "Sailing Exam Quizzer" */ = {
			isa = XCConfigurationList;
			buildConfigurations = (
				16B1F90320791C0200CB8436 /* Debug */,
				16B1F90420791C0200CB8436 /* Release */,
			);
			defaultConfigurationIsVisible = 0;
			defaultConfigurationName = Release;
		};
/* End XCConfigurationList section */
	};
	rootObject = 16B1F8E820791C0100CB8436 /* Project object */;
}
